// !$*UTF8*$!
{
	archiveVersion = 1;
	classes = {
	};
	objectVersion = 77;
	objects = {

/* Begin PBXBuildFile section */
		062BD0763A89BD57A1402934 /* Pods_AppNavigations.framework in Frameworks */ = {isa = PBXBuildFile; fileRef = 432A366E94242F5C952E33F9 /* Pods_AppNavigations.framework */; };
		12B889EE4A19747C72569330 /* Post.framework in Embed Frameworks */ = {isa = PBXBuildFile; fileRef = 6ABFDC357EB9359ACB7E31ED /* Post.framework */; settings = {ATTRIBUTES = (CodeSignOnCopy, RemoveHeadersOnCopy, ); }; };
		254B86BD92A65E3AA5198327 /* Player.framework in Frameworks */ = {isa = PBXBuildFile; fileRef = 279EEBADA255A194598862E7 /* Player.framework */; };
		4A1C91759A26F086391B70EC /* Player.framework in Embed Frameworks */ = {isa = PBXBuildFile; fileRef = 279EEBADA255A194598862E7 /* Player.framework */; settings = {ATTRIBUTES = (CodeSignOnCopy, RemoveHeadersOnCopy, ); }; };
		4AA567A52117387CE0D715B1 /* Feed.framework in Embed Frameworks */ = {isa = PBXBuildFile; fileRef = E9674D408342DE9A099896EB /* Feed.framework */; settings = {ATTRIBUTES = (CodeSignOnCopy, RemoveHeadersOnCopy, ); }; };
		79664FF48E818CEA475E55DC /* Feed.framework in Frameworks */ = {isa = PBXBuildFile; fileRef = E9674D408342DE9A099896EB /* Feed.framework */; };
		80ADD4C60825C883C1455A32 /* Navigations.swift in Sources */ = {isa = PBXBuildFile; fileRef = FDA92C34862E62499160CFA9 /* Navigations.swift */; };
		C998A1DBA3E0FC49368906DC /* WebViewDetail.framework in Frameworks */ = {isa = PBXBuildFile; fileRef = A560EC965B25165EDD4A2487 /* WebViewDetail.framework */; };
		CB254A444073FB6720690D84 /* WebViewDetail.framework in Embed Frameworks */ = {isa = PBXBuildFile; fileRef = A560EC965B25165EDD4A2487 /* WebViewDetail.framework */; settings = {ATTRIBUTES = (CodeSignOnCopy, RemoveHeadersOnCopy, ); }; };
		D8F6F63CB844EA11E0227440 /* Post.framework in Frameworks */ = {isa = PBXBuildFile; fileRef = 6ABFDC357EB9359ACB7E31ED /* Post.framework */; };
		D93EA601E7F0EE98B9D707F0 /* Pods_AppNavigations.framework in Frameworks */ = {isa = PBXBuildFile; fileRef = 9E74189647334CBD01F1EA50 /* Pods_AppNavigations.framework */; };
		DF5D826A23C2AC2DEEC96317 /* AppNavigations.h in Headers */ = {isa = PBXBuildFile; fileRef = BB10925518BBD17C1CF72386 /* AppNavigations.h */; settings = {ATTRIBUTES = (Public, ); }; };
/* End PBXBuildFile section */

/* Begin PBXCopyFilesBuildPhase section */
		98D5541499C5AAF554B5E821 /* Embed Frameworks */ = {
			isa = PBXCopyFilesBuildPhase;
			buildActionMask = 2147483647;
			dstPath = "";
			dstSubfolderSpec = 10;
			files = (
				4AA567A52117387CE0D715B1 /* Feed.framework in Embed Frameworks */,
				4A1C91759A26F086391B70EC /* Player.framework in Embed Frameworks */,
				12B889EE4A19747C72569330 /* Post.framework in Embed Frameworks */,
				CB254A444073FB6720690D84 /* WebViewDetail.framework in Embed Frameworks */,
			);
			name = "Embed Frameworks";
			runOnlyForDeploymentPostprocessing = 0;
		};
/* End PBXCopyFilesBuildPhase section */

/* Begin PBXFileReference section */
		279EEBADA255A194598862E7 /* Player.framework */ = {isa = PBXFileReference; lastKnownFileType = wrapper.framework; name = Player.framework; path = "${BUILT_PRODUCTS_DIR}/Player.framework"; sourceTree = "<group>"; };
		40336DE33D5BB2C2145D8C61 /* Pods-AppNavigations.debug.xcconfig */ = {isa = PBXFileReference; includeInIndex = 1; lastKnownFileType = text.xcconfig; name = "Pods-AppNavigations.debug.xcconfig"; path = "Target Support Files/Pods-AppNavigations/Pods-AppNavigations.debug.xcconfig"; sourceTree = "<group>"; };
		432A366E94242F5C952E33F9 /* Pods_AppNavigations.framework */ = {isa = PBXFileReference; explicitFileType = wrapper.framework; includeInIndex = 0; path = Pods_AppNavigations.framework; sourceTree = BUILT_PRODUCTS_DIR; };
		6ABFDC357EB9359ACB7E31ED /* Post.framework */ = {isa = PBXFileReference; lastKnownFileType = wrapper.framework; name = Post.framework; path = "${BUILT_PRODUCTS_DIR}/Post.framework"; sourceTree = "<group>"; };
		84FA4D71F66A185A5357D43C /* AppNavigations.framework */ = {isa = PBXFileReference; explicitFileType = wrapper.framework; includeInIndex = 0; path = AppNavigations.framework; sourceTree = BUILT_PRODUCTS_DIR; };
		9E74189647334CBD01F1EA50 /* Pods_AppNavigations.framework */ = {isa = PBXFileReference; lastKnownFileType = wrapper.framework; name = Pods_AppNavigations.framework; path = "${BUILT_PRODUCTS_DIR}/Pods_AppNavigations.framework"; sourceTree = "<group>"; };
		A560EC965B25165EDD4A2487 /* WebViewDetail.framework */ = {isa = PBXFileReference; lastKnownFileType = wrapper.framework; name = WebViewDetail.framework; path = "${BUILT_PRODUCTS_DIR}/WebViewDetail.framework"; sourceTree = "<group>"; };
		BB10925518BBD17C1CF72386 /* AppNavigations.h */ = {isa = PBXFileReference; lastKnownFileType = sourcecode.c.h; path = AppNavigations.h; sourceTree = "<group>"; };
		CA5413674CFBA66E19B027E9 /* Pods-AppNavigations.release.xcconfig */ = {isa = PBXFileReference; includeInIndex = 1; lastKnownFileType = text.xcconfig; name = "Pods-AppNavigations.release.xcconfig"; path = "Target Support Files/Pods-AppNavigations/Pods-AppNavigations.release.xcconfig"; sourceTree = "<group>"; };
		E9674D408342DE9A099896EB /* Feed.framework */ = {isa = PBXFileReference; lastKnownFileType = wrapper.framework; name = Feed.framework; path = "${BUILT_PRODUCTS_DIR}/Feed.framework"; sourceTree = "<group>"; };
		FDA92C34862E62499160CFA9 /* Navigations.swift */ = {isa = PBXFileReference; lastKnownFileType = sourcecode.swift; path = Navigations.swift; sourceTree = "<group>"; };
/* End PBXFileReference section */

/* Begin PBXFrameworksBuildPhase section */
		73A23183596376F4576052C0 /* Frameworks */ = {
			isa = PBXFrameworksBuildPhase;
			buildActionMask = 2147483647;
			files = (
				79664FF48E818CEA475E55DC /* Feed.framework in Frameworks */,
				254B86BD92A65E3AA5198327 /* Player.framework in Frameworks */,
				D8F6F63CB844EA11E0227440 /* Post.framework in Frameworks */,
				C998A1DBA3E0FC49368906DC /* WebViewDetail.framework in Frameworks */,
				D93EA601E7F0EE98B9D707F0 /* Pods_AppNavigations.framework in Frameworks */,
				062BD0763A89BD57A1402934 /* Pods_AppNavigations.framework in Frameworks */,
			);
			runOnlyForDeploymentPostprocessing = 0;
		};
/* End PBXFrameworksBuildPhase section */

/* Begin PBXGroup section */
		02CC7CBFADEA390D5873BCD7 /* Pods */ = {
			isa = PBXGroup;
			children = (
				40336DE33D5BB2C2145D8C61 /* Pods-AppNavigations.debug.xcconfig */,
				CA5413674CFBA66E19B027E9 /* Pods-AppNavigations.release.xcconfig */,
			);
			name = Pods;
			path = ../Pods;
			sourceTree = "<group>";
		};
		3930DACFC774A43FCE642C51 = {
			isa = PBXGroup;
			children = (
				BEA3DA677AA1CBCC0BE664B8 /* AppNavigations */,
				D1F2304DAD2082FAAC3E947B /* Frameworks */,
				D89BC931F4C4888470B7C4F7 /* Products */,
				02CC7CBFADEA390D5873BCD7 /* Pods */,
			);
			sourceTree = "<group>";
		};
		BEA3DA677AA1CBCC0BE664B8 /* AppNavigations */ = {
			isa = PBXGroup;
			children = (
				BB10925518BBD17C1CF72386 /* AppNavigations.h */,
				FDA92C34862E62499160CFA9 /* Navigations.swift */,
			);
			path = AppNavigations;
			sourceTree = "<group>";
		};
		D1F2304DAD2082FAAC3E947B /* Frameworks */ = {
			isa = PBXGroup;
			children = (
				E9674D408342DE9A099896EB /* Feed.framework */,
				279EEBADA255A194598862E7 /* Player.framework */,
				9E74189647334CBD01F1EA50 /* Pods_AppNavigations.framework */,
				6ABFDC357EB9359ACB7E31ED /* Post.framework */,
				A560EC965B25165EDD4A2487 /* WebViewDetail.framework */,
				432A366E94242F5C952E33F9 /* Pods_AppNavigations.framework */,
			);
			name = Frameworks;
			sourceTree = "<group>";
		};
		D89BC931F4C4888470B7C4F7 /* Products */ = {
			isa = PBXGroup;
			children = (
				84FA4D71F66A185A5357D43C /* AppNavigations.framework */,
			);
			name = Products;
			sourceTree = "<group>";
		};
/* End PBXGroup section */

/* Begin PBXHeadersBuildPhase section */
		E5054BB62E26EB0430835054 /* Headers */ = {
			isa = PBXHeadersBuildPhase;
			buildActionMask = 2147483647;
			files = (
				DF5D826A23C2AC2DEEC96317 /* AppNavigations.h in Headers */,
			);
			runOnlyForDeploymentPostprocessing = 0;
		};
/* End PBXHeadersBuildPhase section */

/* Begin PBXNativeTarget section */
		77C3AD1238C657FE413FD834 /* AppNavigations */ = {
			isa = PBXNativeTarget;
			buildConfigurationList = E2AD0E52FE37433AA111BF5F /* Build configuration list for PBXNativeTarget "AppNavigations" */;
			buildPhases = (
				0EED76D5C27C17C2AD231ED7 /* [CP] Check Pods Manifest.lock */,
				E5054BB62E26EB0430835054 /* Headers */,
				56CA4C8B7873712E6ADD8C58 /* Sources */,
				73A23183596376F4576052C0 /* Frameworks */,
				98D5541499C5AAF554B5E821 /* Embed Frameworks */,
			);
			buildRules = (
			);
			dependencies = (
			);
			name = AppNavigations;
			productName = AppNavigations;
			productReference = 84FA4D71F66A185A5357D43C /* AppNavigations.framework */;
			productType = "com.apple.product-type.framework";
		};
/* End PBXNativeTarget section */

/* Begin PBXProject section */
		5E3BC29B94B9455EE66FCA43 /* Project object */ = {
			isa = PBXProject;
			attributes = {
				BuildIndependentTargetsInParallel = YES;
				LastUpgradeCheck = 1430;
			};
			buildConfigurationList = 10436CAB12D8F1AE7577FC8D /* Build configuration list for PBXProject "AppNavigations" */;
			compatibilityVersion = "Xcode 14.0";
			developmentRegion = en;
			hasScannedForEncodings = 0;
			knownRegions = (
				Base,
				en,
			);
			mainGroup = 3930DACFC774A43FCE642C51;
			minimizedProjectReferenceProxies = 1;
			preferredProjectObjectVersion = 77;
			productRefGroup = D89BC931F4C4888470B7C4F7 /* Products */;
			projectDirPath = "";
			projectRoot = "";
			targets = (
				77C3AD1238C657FE413FD834 /* AppNavigations */,
			);
		};
/* End PBXProject section */

/* Begin PBXShellScriptBuildPhase section */
		0EED76D5C27C17C2AD231ED7 /* [CP] Check Pods Manifest.lock */ = {
			isa = PBXShellScriptBuildPhase;
			buildActionMask = 2147483647;
			files = (
			);
			inputFileListPaths = (
			);
			inputPaths = (
				"${PODS_PODFILE_DIR_PATH}/Podfile.lock",
				"${PODS_ROOT}/Manifest.lock",
			);
			name = "[CP] Check Pods Manifest.lock";
			outputFileListPaths = (
			);
			outputPaths = (
				"$(DERIVED_FILE_DIR)/Pods-AppNavigations-checkManifestLockResult.txt",
			);
			runOnlyForDeploymentPostprocessing = 0;
			shellPath = /bin/sh;
			shellScript = "diff \"${PODS_PODFILE_DIR_PATH}/Podfile.lock\" \"${PODS_ROOT}/Manifest.lock\" > /dev/null\nif [ $? != 0 ] ; then\n    # print error to STDERR\n    echo \"error: The sandbox is not in sync with the Podfile.lock. Run 'pod install' or update your CocoaPods installation.\" >&2\n    exit 1\nfi\n# This output is used by Xcode 'outputs' to avoid re-running this script phase.\necho \"SUCCESS\" > \"${SCRIPT_OUTPUT_FILE_0}\"\n";
			showEnvVarsInLog = 0;
		};
/* End PBXShellScriptBuildPhase section */

/* Begin PBXSourcesBuildPhase section */
		56CA4C8B7873712E6ADD8C58 /* Sources */ = {
			isa = PBXSourcesBuildPhase;
			buildActionMask = 2147483647;
			files = (
				80ADD4C60825C883C1455A32 /* Navigations.swift in Sources */,
			);
			runOnlyForDeploymentPostprocessing = 0;
		};
/* End PBXSourcesBuildPhase section */

/* Begin XCBuildConfiguration section */
		0024543A12BD2748541B5C03 /* Release */ = {
			isa = XCBuildConfiguration;
			baseConfigurationReference = CA5413674CFBA66E19B027E9 /* Pods-AppNavigations.release.xcconfig */;
			buildSettings = {
				CODE_SIGN_IDENTITY = "";
				CURRENT_PROJECT_VERSION = 1;
				DEFINES_MODULE = YES;
				DYLIB_COMPATIBILITY_VERSION = 1;
				DYLIB_CURRENT_VERSION = 1;
				DYLIB_INSTALL_NAME_BASE = "@rpath";
				FRAMEWORK_SEARCH_PATHS = (
					"$(inherited)",
					"\"${BUILT_PRODUCTS_DIR}\"",
				);
				GENERATE_INFOPLIST_FILE = YES;
				INSTALL_PATH = "$(LOCAL_LIBRARY_DIR)/Frameworks";
				IPHONEOS_DEPLOYMENT_TARGET = 16.0;
				LD_RUNPATH_SEARCH_PATHS = (
					"$(inherited)",
					"@executable_path/Frameworks",
				);
				PRODUCT_BUNDLE_IDENTIFIER = com.AppNavigations.AppNavigations;
				SDKROOT = iphoneos;
				SKIP_INSTALL = YES;
				TARGETED_DEVICE_FAMILY = "1,2";
				VERSIONING_SYSTEM = "apple-generic";
			};
			name = Release;
		};
		298D19187B12F4DF5D799B9B /* Debug */ = {
			isa = XCBuildConfiguration;
			buildSettings = {
				ALWAYS_SEARCH_USER_PATHS = NO;
				CLANG_ANALYZER_NONNULL = YES;
				CLANG_ANALYZER_NUMBER_OBJECT_CONVERSION = YES_AGGRESSIVE;
				CLANG_CXX_LANGUAGE_STANDARD = "gnu++14";
				CLANG_CXX_LIBRARY = "libc++";
				CLANG_ENABLE_MODULES = YES;
				CLANG_ENABLE_OBJC_ARC = YES;
				CLANG_ENABLE_OBJC_WEAK = YES;
				CLANG_WARN_BLOCK_CAPTURE_AUTORELEASING = YES;
				CLANG_WARN_BOOL_CONVERSION = YES;
				CLANG_WARN_COMMA = YES;
				CLANG_WARN_CONSTANT_CONVERSION = YES;
				CLANG_WARN_DEPRECATED_OBJC_IMPLEMENTATIONS = YES;
				CLANG_WARN_DIRECT_OBJC_ISA_USAGE = YES_ERROR;
				CLANG_WARN_DOCUMENTATION_COMMENTS = YES;
				CLANG_WARN_EMPTY_BODY = YES;
				CLANG_WARN_ENUM_CONVERSION = YES;
				CLANG_WARN_INFINITE_RECURSION = YES;
				CLANG_WARN_INT_CONVERSION = YES;
				CLANG_WARN_NON_LITERAL_NULL_CONVERSION = YES;
				CLANG_WARN_OBJC_IMPLICIT_RETAIN_SELF = YES;
				CLANG_WARN_OBJC_LITERAL_CONVERSION = YES;
				CLANG_WARN_OBJC_ROOT_CLASS = YES_ERROR;
				CLANG_WARN_QUOTED_INCLUDE_IN_FRAMEWORK_HEADER = YES;
				CLANG_WARN_RANGE_LOOP_ANALYSIS = YES;
				CLANG_WARN_STRICT_PROTOTYPES = YES;
				CLANG_WARN_SUSPICIOUS_MOVE = YES;
				CLANG_WARN_UNGUARDED_AVAILABILITY = YES_AGGRESSIVE;
				CLANG_WARN_UNREACHABLE_CODE = YES;
				CLANG_WARN__DUPLICATE_METHOD_MATCH = YES;
				COPY_PHASE_STRIP = NO;
				DEBUG_INFORMATION_FORMAT = dwarf;
				ENABLE_STRICT_OBJC_MSGSEND = YES;
				ENABLE_TESTABILITY = YES;
				GCC_C_LANGUAGE_STANDARD = gnu11;
				GCC_DYNAMIC_NO_PIC = NO;
				GCC_NO_COMMON_BLOCKS = YES;
				GCC_OPTIMIZATION_LEVEL = 0;
				GCC_PREPROCESSOR_DEFINITIONS = (
					"$(inherited)",
					"DEBUG=1",
				);
				GCC_WARN_64_TO_32_BIT_CONVERSION = YES;
				GCC_WARN_ABOUT_RETURN_TYPE = YES_ERROR;
				GCC_WARN_UNDECLARED_SELECTOR = YES;
				GCC_WARN_UNINITIALIZED_AUTOS = YES_AGGRESSIVE;
				GCC_WARN_UNUSED_FUNCTION = YES;
				GCC_WARN_UNUSED_VARIABLE = YES;
				IPHONEOS_DEPLOYMENT_TARGET = 16.0;
				MTL_ENABLE_DEBUG_INFO = INCLUDE_SOURCE;
				MTL_FAST_MATH = YES;
				ONLY_ACTIVE_ARCH = YES;
				PRODUCT_NAME = "$(TARGET_NAME)";
				SDKROOT = iphoneos;
				SWIFT_ACTIVE_COMPILATION_CONDITIONS = DEBUG;
				SWIFT_OPTIMIZATION_LEVEL = "-Onone";
				SWIFT_VERSION = 5.0;
			};
			name = Debug;
		};
		49A219C627E312FBA982DB11 /* Debug */ = {
			isa = XCBuildConfiguration;
			baseConfigurationReference = 40336DE33D5BB2C2145D8C61 /* Pods-AppNavigations.debug.xcconfig */;
			buildSettings = {
				CODE_SIGN_IDENTITY = "";
				CURRENT_PROJECT_VERSION = 1;
				DEFINES_MODULE = YES;
				DYLIB_COMPATIBILITY_VERSION = 1;
				DYLIB_CURRENT_VERSION = 1;
				DYLIB_INSTALL_NAME_BASE = "@rpath";
				FRAMEWORK_SEARCH_PATHS = (
					"$(inherited)",
					"\"${BUILT_PRODUCTS_DIR}\"",
				);
				GENERATE_INFOPLIST_FILE = YES;
				INSTALL_PATH = "$(LOCAL_LIBRARY_DIR)/Frameworks";
				IPHONEOS_DEPLOYMENT_TARGET = 16.0;
				LD_RUNPATH_SEARCH_PATHS = (
					"$(inherited)",
					"@executable_path/Frameworks",
				);
				PRODUCT_BUNDLE_IDENTIFIER = com.AppNavigations.AppNavigations;
				SDKROOT = iphoneos;
				SKIP_INSTALL = YES;
				TARGETED_DEVICE_FAMILY = "1,2";
				VERSIONING_SYSTEM = "apple-generic";
			};
			name = Debug;
		};
		69999DA224EE4AB9ACA5CCDE /* Release */ = {
			isa = XCBuildConfiguration;
			buildSettings = {
				ALWAYS_SEARCH_USER_PATHS = NO;
				CLANG_ANALYZER_NONNULL = YES;
				CLANG_ANALYZER_NUMBER_OBJECT_CONVERSION = YES_AGGRESSIVE;
				CLANG_CXX_LANGUAGE_STANDARD = "gnu++14";
				CLANG_CXX_LIBRARY = "libc++";
				CLANG_ENABLE_MODULES = YES;
				CLANG_ENABLE_OBJC_ARC = YES;
				CLANG_ENABLE_OBJC_WEAK = YES;
				CLANG_WARN_BLOCK_CAPTURE_AUTORELEASING = YES;
				CLANG_WARN_BOOL_CONVERSION = YES;
				CLANG_WARN_COMMA = YES;
				CLANG_WARN_CONSTANT_CONVERSION = YES;
				CLANG_WARN_DEPRECATED_OBJC_IMPLEMENTATIONS = YES;
				CLANG_WARN_DIRECT_OBJC_ISA_USAGE = YES_ERROR;
				CLANG_WARN_DOCUMENTATION_COMMENTS = YES;
				CLANG_WARN_EMPTY_BODY = YES;
				CLANG_WARN_ENUM_CONVERSION = YES;
				CLANG_WARN_INFINITE_RECURSION = YES;
				CLANG_WARN_INT_CONVERSION = YES;
				CLANG_WARN_NON_LITERAL_NULL_CONVERSION = YES;
				CLANG_WARN_OBJC_IMPLICIT_RETAIN_SELF = YES;
				CLANG_WARN_OBJC_LITERAL_CONVERSION = YES;
				CLANG_WARN_OBJC_ROOT_CLASS = YES_ERROR;
				CLANG_WARN_QUOTED_INCLUDE_IN_FRAMEWORK_HEADER = YES;
				CLANG_WARN_RANGE_LOOP_ANALYSIS = YES;
				CLANG_WARN_STRICT_PROTOTYPES = YES;
				CLANG_WARN_SUSPICIOUS_MOVE = YES;
				CLANG_WARN_UNGUARDED_AVAILABILITY = YES_AGGRESSIVE;
				CLANG_WARN_UNREACHABLE_CODE = YES;
				CLANG_WARN__DUPLICATE_METHOD_MATCH = YES;
				COPY_PHASE_STRIP = NO;
				DEBUG_INFORMATION_FORMAT = "dwarf-with-dsym";
				ENABLE_NS_ASSERTIONS = NO;
				ENABLE_STRICT_OBJC_MSGSEND = YES;
				GCC_C_LANGUAGE_STANDARD = gnu11;
				GCC_NO_COMMON_BLOCKS = YES;
				GCC_WARN_64_TO_32_BIT_CONVERSION = YES;
				GCC_WARN_ABOUT_RETURN_TYPE = YES_ERROR;
				GCC_WARN_UNDECLARED_SELECTOR = YES;
				GCC_WARN_UNINITIALIZED_AUTOS = YES_AGGRESSIVE;
				GCC_WARN_UNUSED_FUNCTION = YES;
				GCC_WARN_UNUSED_VARIABLE = YES;
				IPHONEOS_DEPLOYMENT_TARGET = 16.0;
				MTL_ENABLE_DEBUG_INFO = NO;
				MTL_FAST_MATH = YES;
				PRODUCT_NAME = "$(TARGET_NAME)";
				SDKROOT = iphoneos;
				SWIFT_COMPILATION_MODE = wholemodule;
				SWIFT_OPTIMIZATION_LEVEL = "-O";
				SWIFT_VERSION = 5.0;
			};
			name = Release;
		};
/* End XCBuildConfiguration section */

/* Begin XCConfigurationList section */
		10436CAB12D8F1AE7577FC8D /* Build configuration list for PBXProject "AppNavigations" */ = {
			isa = XCConfigurationList;
			buildConfigurations = (
				298D19187B12F4DF5D799B9B /* Debug */,
				69999DA224EE4AB9ACA5CCDE /* Release */,
			);
			defaultConfigurationIsVisible = 0;
			defaultConfigurationName = Debug;
		};
		E2AD0E52FE37433AA111BF5F /* Build configuration list for PBXNativeTarget "AppNavigations" */ = {
			isa = XCConfigurationList;
			buildConfigurations = (
				49A219C627E312FBA982DB11 /* Debug */,
				0024543A12BD2748541B5C03 /* Release */,
			);
			defaultConfigurationIsVisible = 0;
			defaultConfigurationName = Debug;
		};
/* End XCConfigurationList section */
	};
	rootObject = 5E3BC29B94B9455EE66FCA43 /* Project object */;
}
