// !$*UTF8*$!
{
	archiveVersion = 1;
	classes = {
	};
	objectVersion = 63;
	objects = {

/* Begin PBXBuildFile section */
		1491955FEDD996F591AAA5DD /* Post.framework in Frameworks */ = {isa = PBXBuildFile; fileRef = C5E04B68256A92F31150A782 /* Post.framework */; };
		2C348F5187760D37C4A0665A /* Player.framework in Embed Frameworks */ = {isa = PBXBuildFile; fileRef = F03E099DC4E5E874C7ABF1C9 /* Player.framework */; settings = {ATTRIBUTES = (CodeSignOnCopy, RemoveHeadersOnCopy, ); }; };
		313659920C97EC94BCE67B70 /* Pods_TikTokCloneApp.framework in Frameworks */ = {isa = PBXBuildFile; fileRef = C0DFD5DD34DBB6EFDC0E330B /* Pods_TikTokCloneApp.framework */; };
		349F82047270A74219BAA73E /* DataService.framework in Embed Frameworks */ = {isa = PBXBuildFile; fileRef = EDF2D8CABB85F40FCC04704A /* DataService.framework */; settings = {ATTRIBUTES = (CodeSignOnCopy, RemoveHeadersOnCopy, ); }; };
		36C7A95465C870FEAACF37AC /* AppNavigations.framework in Embed Frameworks */ = {isa = PBXBuildFile; fileRef = 3A51AE45FEDF05E90DF9E136 /* AppNavigations.framework */; settings = {ATTRIBUTES = (CodeSignOnCopy, RemoveHeadersOnCopy, ); }; };
		42EB9B3201E73D4868553A4C /* AppDelegate.swift in Sources */ = {isa = PBXBuildFile; fileRef = 02FD47E5DB1CA61A080A1E1D /* AppDelegate.swift */; };
		5CC7F0C040AC550432C3B60E /* Post.framework in Embed Frameworks */ = {isa = PBXBuildFile; fileRef = C5E04B68256A92F31150A782 /* Post.framework */; settings = {ATTRIBUTES = (CodeSignOnCopy, RemoveHeadersOnCopy, ); }; };
		6E6711F58A392008D0B98C19 /* SceneDelegate.swift in Sources */ = {isa = PBXBuildFile; fileRef = 3EB045AA554130D3FB745528 /* SceneDelegate.swift */; };
		8516C587BAB89B9BDE90A5FA /* AppNavigations.framework in Frameworks */ = {isa = PBXBuildFile; fileRef = 3A51AE45FEDF05E90DF9E136 /* AppNavigations.framework */; };
		85F6638529DB390F8EE96061 /* Player.framework in Frameworks */ = {isa = PBXBuildFile; fileRef = F03E099DC4E5E874C7ABF1C9 /* Player.framework */; };
		921ECD4D5D48A534F25DE6E3 /* DataService.framework in Frameworks */ = {isa = PBXBuildFile; fileRef = EDF2D8CABB85F40FCC04704A /* DataService.framework */; };
		A783C76B8B92C0C8D0857AF3 /* Pods_TikTokCloneApp.framework in Frameworks */ = {isa = PBXBuildFile; fileRef = 0143FB54D06FADF3D82BBE57 /* Pods_TikTokCloneApp.framework */; };
		BACF5FFDF8B89872FC1DFCF6 /* WebViewDetail.framework in Embed Frameworks */ = {isa = PBXBuildFile; fileRef = 9362B02357FD39CE80D37D05 /* WebViewDetail.framework */; settings = {ATTRIBUTES = (CodeSignOnCopy, RemoveHeadersOnCopy, ); }; };
		C103213200FA3E3F41724442 /* Feed.framework in Frameworks */ = {isa = PBXBuildFile; fileRef = 31D58C5416141A481C8ED37B /* Feed.framework */; };
		C48BC561D22E9C5D795EBC0C /* Feed.framework in Embed Frameworks */ = {isa = PBXBuildFile; fileRef = 31D58C5416141A481C8ED37B /* Feed.framework */; settings = {ATTRIBUTES = (CodeSignOnCopy, RemoveHeadersOnCopy, ); }; };
		D05BB366D8A891FC968E98C4 /* WebViewDetail.framework in Frameworks */ = {isa = PBXBuildFile; fileRef = 9362B02357FD39CE80D37D05 /* WebViewDetail.framework */; };
		D1639A63DCC72FA06C6A8226 /* Core.framework in Frameworks */ = {isa = PBXBuildFile; fileRef = 88766BEBA7E7B6E8AD534662 /* Core.framework */; };
		E439A17B15425CF7EF04E4E1 /* ViewController.swift in Sources */ = {isa = PBXBuildFile; fileRef = EDC9BCA9344921F487ED7B32 /* ViewController.swift */; };
		E8A241DAA8C0AE71F0FE6DE2 /* Assets.xcassets in Resources */ = {isa = PBXBuildFile; fileRef = 218B349077FFD6CB5D17E424 /* Assets.xcassets */; };
		EF6388F27CCFDADC0F516FA2 /* Core.framework in Embed Frameworks */ = {isa = PBXBuildFile; fileRef = 88766BEBA7E7B6E8AD534662 /* Core.framework */; settings = {ATTRIBUTES = (CodeSignOnCopy, RemoveHeadersOnCopy, ); }; };
/* End PBXBuildFile section */

/* Begin PBXCopyFilesBuildPhase section */
		50217C1524C40AB4EA0BEA31 /* Embed Frameworks */ = {
			isa = PBXCopyFilesBuildPhase;
			buildActionMask = 2147483647;
			dstPath = "";
			dstSubfolderSpec = 10;
			files = (
				36C7A95465C870FEAACF37AC /* AppNavigations.framework in Embed Frameworks */,
				EF6388F27CCFDADC0F516FA2 /* Core.framework in Embed Frameworks */,
				349F82047270A74219BAA73E /* DataService.framework in Embed Frameworks */,
				C48BC561D22E9C5D795EBC0C /* Feed.framework in Embed Frameworks */,
				2C348F5187760D37C4A0665A /* Player.framework in Embed Frameworks */,
				5CC7F0C040AC550432C3B60E /* Post.framework in Embed Frameworks */,
				BACF5FFDF8B89872FC1DFCF6 /* WebViewDetail.framework in Embed Frameworks */,
			);
			name = "Embed Frameworks";
			runOnlyForDeploymentPostprocessing = 0;
		};
/* End PBXCopyFilesBuildPhase section */

/* Begin PBXFileReference section */
		0143FB54D06FADF3D82BBE57 /* Pods_TikTokCloneApp.framework */ = {isa = PBXFileReference; explicitFileType = wrapper.framework; includeInIndex = 0; path = Pods_TikTokCloneApp.framework; sourceTree = BUILT_PRODUCTS_DIR; };
		02FD47E5DB1CA61A080A1E1D /* AppDelegate.swift */ = {isa = PBXFileReference; lastKnownFileType = sourcecode.swift; path = AppDelegate.swift; sourceTree = "<group>"; };
		218B349077FFD6CB5D17E424 /* Assets.xcassets */ = {isa = PBXFileReference; lastKnownFileType = folder.assetcatalog; path = Assets.xcassets; sourceTree = "<group>"; };
		31D58C5416141A481C8ED37B /* Feed.framework */ = {isa = PBXFileReference; lastKnownFileType = wrapper.framework; name = Feed.framework; path = "${BUILT_PRODUCTS_DIR}/Feed.framework"; sourceTree = "<group>"; };
		3A51AE45FEDF05E90DF9E136 /* AppNavigations.framework */ = {isa = PBXFileReference; lastKnownFileType = wrapper.framework; name = AppNavigations.framework; path = "${BUILT_PRODUCTS_DIR}/AppNavigations.framework"; sourceTree = "<group>"; };
		3EB045AA554130D3FB745528 /* SceneDelegate.swift */ = {isa = PBXFileReference; lastKnownFileType = sourcecode.swift; path = SceneDelegate.swift; sourceTree = "<group>"; };
		6C7E0B73916D9C06EF726231 /* Pods-TikTokCloneApp.release.xcconfig */ = {isa = PBXFileReference; includeInIndex = 1; lastKnownFileType = text.xcconfig; name = "Pods-TikTokCloneApp.release.xcconfig"; path = "Target Support Files/Pods-TikTokCloneApp/Pods-TikTokCloneApp.release.xcconfig"; sourceTree = "<group>"; };
		88766BEBA7E7B6E8AD534662 /* Core.framework */ = {isa = PBXFileReference; lastKnownFileType = wrapper.framework; name = Core.framework; path = "${BUILT_PRODUCTS_DIR}/Core.framework"; sourceTree = "<group>"; };
		9362B02357FD39CE80D37D05 /* WebViewDetail.framework */ = {isa = PBXFileReference; lastKnownFileType = wrapper.framework; name = WebViewDetail.framework; path = "${BUILT_PRODUCTS_DIR}/WebViewDetail.framework"; sourceTree = "<group>"; };
		C0DFD5DD34DBB6EFDC0E330B /* Pods_TikTokCloneApp.framework */ = {isa = PBXFileReference; lastKnownFileType = wrapper.framework; name = Pods_TikTokCloneApp.framework; path = "${BUILT_PRODUCTS_DIR}/Pods_TikTokCloneApp.framework"; sourceTree = "<group>"; };
		C5E04B68256A92F31150A782 /* Post.framework */ = {isa = PBXFileReference; lastKnownFileType = wrapper.framework; name = Post.framework; path = "${BUILT_PRODUCTS_DIR}/Post.framework"; sourceTree = "<group>"; };
		D5C212EC9CF792C10CA2BB77 /* Info.plist */ = {isa = PBXFileReference; lastKnownFileType = text.plist; path = Info.plist; sourceTree = "<group>"; };
		EDC9BCA9344921F487ED7B32 /* ViewController.swift */ = {isa = PBXFileReference; lastKnownFileType = sourcecode.swift; path = ViewController.swift; sourceTree = "<group>"; };
		EDF2D8CABB85F40FCC04704A /* DataService.framework */ = {isa = PBXFileReference; lastKnownFileType = wrapper.framework; name = DataService.framework; path = "${BUILT_PRODUCTS_DIR}/DataService.framework"; sourceTree = "<group>"; };
		F03E099DC4E5E874C7ABF1C9 /* Player.framework */ = {isa = PBXFileReference; lastKnownFileType = wrapper.framework; name = Player.framework; path = "${BUILT_PRODUCTS_DIR}/Player.framework"; sourceTree = "<group>"; };
		F05499C4381703D8CA22BC5B /* Pods-TikTokCloneApp.debug.xcconfig */ = {isa = PBXFileReference; includeInIndex = 1; lastKnownFileType = text.xcconfig; name = "Pods-TikTokCloneApp.debug.xcconfig"; path = "Target Support Files/Pods-TikTokCloneApp/Pods-TikTokCloneApp.debug.xcconfig"; sourceTree = "<group>"; };
		F7B0F5BC9014991A7557A369 /* TikTokCloneApp.app */ = {isa = PBXFileReference; explicitFileType = wrapper.application; includeInIndex = 0; path = TikTokCloneApp.app; sourceTree = BUILT_PRODUCTS_DIR; };
/* End PBXFileReference section */

/* Begin PBXFrameworksBuildPhase section */
		FFE1A717D4792EDB7E24E7C5 /* Frameworks */ = {
			isa = PBXFrameworksBuildPhase;
			buildActionMask = 2147483647;
			files = (
				8516C587BAB89B9BDE90A5FA /* AppNavigations.framework in Frameworks */,
				D1639A63DCC72FA06C6A8226 /* Core.framework in Frameworks */,
				921ECD4D5D48A534F25DE6E3 /* DataService.framework in Frameworks */,
				C103213200FA3E3F41724442 /* Feed.framework in Frameworks */,
				85F6638529DB390F8EE96061 /* Player.framework in Frameworks */,
				1491955FEDD996F591AAA5DD /* Post.framework in Frameworks */,
				D05BB366D8A891FC968E98C4 /* WebViewDetail.framework in Frameworks */,
				313659920C97EC94BCE67B70 /* Pods_TikTokCloneApp.framework in Frameworks */,
				A783C76B8B92C0C8D0857AF3 /* Pods_TikTokCloneApp.framework in Frameworks */,
			);
			runOnlyForDeploymentPostprocessing = 0;
		};
/* End PBXFrameworksBuildPhase section */

/* Begin PBXGroup section */
		3F9484DA8C245FC2D2A4BDEC /* Frameworks */ = {
			isa = PBXGroup;
			children = (
				3A51AE45FEDF05E90DF9E136 /* AppNavigations.framework */,
				88766BEBA7E7B6E8AD534662 /* Core.framework */,
				EDF2D8CABB85F40FCC04704A /* DataService.framework */,
				31D58C5416141A481C8ED37B /* Feed.framework */,
				F03E099DC4E5E874C7ABF1C9 /* Player.framework */,
				C0DFD5DD34DBB6EFDC0E330B /* Pods_TikTokCloneApp.framework */,
				C5E04B68256A92F31150A782 /* Post.framework */,
				9362B02357FD39CE80D37D05 /* WebViewDetail.framework */,
				0143FB54D06FADF3D82BBE57 /* Pods_TikTokCloneApp.framework */,
			);
			name = Frameworks;
			sourceTree = "<group>";
		};
		409D3273773374AD7C478653 /* Pods */ = {
			isa = PBXGroup;
			children = (
				F05499C4381703D8CA22BC5B /* Pods-TikTokCloneApp.debug.xcconfig */,
				6C7E0B73916D9C06EF726231 /* Pods-TikTokCloneApp.release.xcconfig */,
			);
			name = Pods;
			path = ../Pods;
			sourceTree = "<group>";
		};
		6239C1686AA5417E7D1EC646 /* Products */ = {
			isa = PBXGroup;
			children = (
				F7B0F5BC9014991A7557A369 /* TikTokCloneApp.app */,
			);
			name = Products;
			sourceTree = "<group>";
		};
		BB4D632A27CCD7608D5A2D4F /* TikTokCloneApp */ = {
			isa = PBXGroup;
			children = (
				02FD47E5DB1CA61A080A1E1D /* AppDelegate.swift */,
				218B349077FFD6CB5D17E424 /* Assets.xcassets */,
				D5C212EC9CF792C10CA2BB77 /* Info.plist */,
				3EB045AA554130D3FB745528 /* SceneDelegate.swift */,
				EDC9BCA9344921F487ED7B32 /* ViewController.swift */,
			);
			path = TikTokCloneApp;
			sourceTree = "<group>";
		};
		C94E366D1D579317B5D793BA = {
			isa = PBXGroup;
			children = (
				BB4D632A27CCD7608D5A2D4F /* TikTokCloneApp */,
				3F9484DA8C245FC2D2A4BDEC /* Frameworks */,
				6239C1686AA5417E7D1EC646 /* Products */,
				409D3273773374AD7C478653 /* Pods */,
			);
			sourceTree = "<group>";
		};
/* End PBXGroup section */

/* Begin PBXNativeTarget section */
		53394FE0DD06D00A71BF858C /* TikTokCloneApp */ = {
			isa = PBXNativeTarget;
			buildConfigurationList = 620316BCD47C4EBECC2D331A /* Build configuration list for PBXNativeTarget "TikTokCloneApp" */;
			buildPhases = (
				D9AB8208D504255DE9EAB0A6 /* [CP] Check Pods Manifest.lock */,
				B6485D87E788F7B04A934474 /* Sources */,
				850EDD2EC0E4B0A76EEE1780 /* Resources */,
				FFE1A717D4792EDB7E24E7C5 /* Frameworks */,
				50217C1524C40AB4EA0BEA31 /* Embed Frameworks */,
				39AB614244A6695170F7DF1D /* [CP] Embed Pods Frameworks */,
			);
			buildRules = (
			);
			dependencies = (
			);
			name = TikTokCloneApp;
			productName = TikTokCloneApp;
			productReference = F7B0F5BC9014991A7557A369 /* TikTokCloneApp.app */;
			productType = "com.apple.product-type.application";
		};
/* End PBXNativeTarget section */

/* Begin PBXProject section */
		B3BA182ECF4E9A227E3205E9 /* Project object */ = {
			isa = PBXProject;
			attributes = {
				BuildIndependentTargetsInParallel = YES;
				LastUpgradeCheck = 1430;
			};
			buildConfigurationList = 23550B325CBD3967E88E8605 /* Build configuration list for PBXProject "TikTokCloneApp" */;
			compatibilityVersion = "Xcode 14.0";
			developmentRegion = en;
			hasScannedForEncodings = 0;
			knownRegions = (
				Base,
				en,
			);
			mainGroup = C94E366D1D579317B5D793BA;
			minimizedProjectReferenceProxies = 1;
			productRefGroup = 6239C1686AA5417E7D1EC646 /* Products */;
			projectDirPath = "";
			projectRoot = "";
			targets = (
				53394FE0DD06D00A71BF858C /* TikTokCloneApp */,
			);
		};
/* End PBXProject section */

/* Begin PBXResourcesBuildPhase section */
		850EDD2EC0E4B0A76EEE1780 /* Resources */ = {
			isa = PBXResourcesBuildPhase;
			buildActionMask = 2147483647;
			files = (
				E8A241DAA8C0AE71F0FE6DE2 /* Assets.xcassets in Resources */,
			);
			runOnlyForDeploymentPostprocessing = 0;
		};
/* End PBXResourcesBuildPhase section */

/* Begin PBXShellScriptBuildPhase section */
		39AB614244A6695170F7DF1D /* [CP] Embed Pods Frameworks */ = {
			isa = PBXShellScriptBuildPhase;
			buildActionMask = 2147483647;
			files = (
			);
			inputFileListPaths = (
				"${PODS_ROOT}/Target Support Files/Pods-TikTokCloneApp/Pods-TikTokCloneApp-frameworks-${CONFIGURATION}-input-files.xcfilelist",
			);
			name = "[CP] Embed Pods Frameworks";
			outputFileListPaths = (
				"${PODS_ROOT}/Target Support Files/Pods-TikTokCloneApp/Pods-TikTokCloneApp-frameworks-${CONFIGURATION}-output-files.xcfilelist",
			);
			runOnlyForDeploymentPostprocessing = 0;
			shellPath = /bin/sh;
			shellScript = "\"${PODS_ROOT}/Target Support Files/Pods-TikTokCloneApp/Pods-TikTokCloneApp-frameworks.sh\"\n";
			showEnvVarsInLog = 0;
		};
		D9AB8208D504255DE9EAB0A6 /* [CP] Check Pods Manifest.lock */ = {
			isa = PBXShellScriptBuildPhase;
			buildActionMask = 2147483647;
			files = (
			);
			inputFileListPaths = (
			);
			inputPaths = (
				"${PODS_PODFILE_DIR_PATH}/Podfile.lock",
				"${PODS_ROOT}/Manifest.lock",
			);
			name = "[CP] Check Pods Manifest.lock";
			outputFileListPaths = (
			);
			outputPaths = (
				"$(DERIVED_FILE_DIR)/Pods-TikTokCloneApp-checkManifestLockResult.txt",
			);
			runOnlyForDeploymentPostprocessing = 0;
			shellPath = /bin/sh;
			shellScript = "diff \"${PODS_PODFILE_DIR_PATH}/Podfile.lock\" \"${PODS_ROOT}/Manifest.lock\" > /dev/null\nif [ $? != 0 ] ; then\n    # print error to STDERR\n    echo \"error: The sandbox is not in sync with the Podfile.lock. Run 'pod install' or update your CocoaPods installation.\" >&2\n    exit 1\nfi\n# This output is used by Xcode 'outputs' to avoid re-running this script phase.\necho \"SUCCESS\" > \"${SCRIPT_OUTPUT_FILE_0}\"\n";
			showEnvVarsInLog = 0;
		};
/* End PBXShellScriptBuildPhase section */

/* Begin PBXSourcesBuildPhase section */
		B6485D87E788F7B04A934474 /* Sources */ = {
			isa = PBXSourcesBuildPhase;
			buildActionMask = 2147483647;
			files = (
				42EB9B3201E73D4868553A4C /* AppDelegate.swift in Sources */,
				6E6711F58A392008D0B98C19 /* SceneDelegate.swift in Sources */,
				E439A17B15425CF7EF04E4E1 /* ViewController.swift in Sources */,
			);
			runOnlyForDeploymentPostprocessing = 0;
		};
/* End PBXSourcesBuildPhase section */

/* Begin XCBuildConfiguration section */
		1C0607518AD06F3315166852 /* Release */ = {
			isa = XCBuildConfiguration;
			buildSettings = {
				ALWAYS_SEARCH_USER_PATHS = NO;
				CLANG_ANALYZER_NONNULL = YES;
				CLANG_ANALYZER_NUMBER_OBJECT_CONVERSION = YES_AGGRESSIVE;
				CLANG_CXX_LANGUAGE_STANDARD = "gnu++14";
				CLANG_CXX_LIBRARY = "libc++";
				CLANG_ENABLE_MODULES = YES;
				CLANG_ENABLE_OBJC_ARC = YES;
				CLANG_ENABLE_OBJC_WEAK = YES;
				CLANG_WARN_BLOCK_CAPTURE_AUTORELEASING = YES;
				CLANG_WARN_BOOL_CONVERSION = YES;
				CLANG_WARN_COMMA = YES;
				CLANG_WARN_CONSTANT_CONVERSION = YES;
				CLANG_WARN_DEPRECATED_OBJC_IMPLEMENTATIONS = YES;
				CLANG_WARN_DIRECT_OBJC_ISA_USAGE = YES_ERROR;
				CLANG_WARN_DOCUMENTATION_COMMENTS = YES;
				CLANG_WARN_EMPTY_BODY = YES;
				CLANG_WARN_ENUM_CONVERSION = YES;
				CLANG_WARN_INFINITE_RECURSION = YES;
				CLANG_WARN_INT_CONVERSION = YES;
				CLANG_WARN_NON_LITERAL_NULL_CONVERSION = YES;
				CLANG_WARN_OBJC_IMPLICIT_RETAIN_SELF = YES;
				CLANG_WARN_OBJC_LITERAL_CONVERSION = YES;
				CLANG_WARN_OBJC_ROOT_CLASS = YES_ERROR;
				CLANG_WARN_QUOTED_INCLUDE_IN_FRAMEWORK_HEADER = YES;
				CLANG_WARN_RANGE_LOOP_ANALYSIS = YES;
				CLANG_WARN_STRICT_PROTOTYPES = YES;
				CLANG_WARN_SUSPICIOUS_MOVE = YES;
				CLANG_WARN_UNGUARDED_AVAILABILITY = YES_AGGRESSIVE;
				CLANG_WARN_UNREACHABLE_CODE = YES;
				CLANG_WARN__DUPLICATE_METHOD_MATCH = YES;
				COPY_PHASE_STRIP = NO;
				DEBUG_INFORMATION_FORMAT = "dwarf-with-dsym";
				ENABLE_NS_ASSERTIONS = NO;
				ENABLE_STRICT_OBJC_MSGSEND = YES;
				GCC_C_LANGUAGE_STANDARD = gnu11;
				GCC_NO_COMMON_BLOCKS = YES;
				GCC_WARN_64_TO_32_BIT_CONVERSION = YES;
				GCC_WARN_ABOUT_RETURN_TYPE = YES_ERROR;
				GCC_WARN_UNDECLARED_SELECTOR = YES;
				GCC_WARN_UNINITIALIZED_AUTOS = YES_AGGRESSIVE;
				GCC_WARN_UNUSED_FUNCTION = YES;
				GCC_WARN_UNUSED_VARIABLE = YES;
				IPHONEOS_DEPLOYMENT_TARGET = 16.0;
				MTL_ENABLE_DEBUG_INFO = NO;
				MTL_FAST_MATH = YES;
				PRODUCT_NAME = "$(TARGET_NAME)";
				SDKROOT = iphoneos;
				SWIFT_COMPILATION_MODE = wholemodule;
				SWIFT_OPTIMIZATION_LEVEL = "-O";
				SWIFT_VERSION = 5.0;
			};
			name = Release;
		};
		5A830A860381A2E4D190FAD2 /* Debug */ = {
			isa = XCBuildConfiguration;
			baseConfigurationReference = F05499C4381703D8CA22BC5B /* Pods-TikTokCloneApp.debug.xcconfig */;
			buildSettings = {
				ASSETCATALOG_COMPILER_APPICON_NAME = AppIcon;
				CODE_SIGN_IDENTITY = "iPhone Developer";
				CURRENT_PROJECT_VERSION = 1;
				FRAMEWORK_SEARCH_PATHS = (
					"$(inherited)",
					"\"${BUILT_PRODUCTS_DIR}\"",
				);
				GENERATE_INFOPLIST_FILE = YES;
				INFOPLIST_FILE = TikTokCloneApp/Info.plist;
				INFOPLIST_KEY_UILaunchStoryboardName = LaunchScreen;
				INFOPLIST_KEY_UISupportedInterfaceOrientations = "UIInterfaceOrientationLandscapeLeft UIInterfaceOrientationLandscapeRight UIInterfaceOrientationPortrait";
				INFOPLIST_KEY_UISupportedInterfaceOrientations_iPad = UIInterfaceOrientationPortrait;
				LD_RUNPATH_SEARCH_PATHS = (
					"$(inherited)",
					"@executable_path/Frameworks",
				);
				MARKETING_VERSION = 1.0;
				PRODUCT_BUNDLE_IDENTIFIER = com.TikTokCloneApp.TikTokCloneApp;
				SDKROOT = iphoneos;
				TARGETED_DEVICE_FAMILY = "1,2";
			};
			name = Debug;
		};
		8B252788F62B5C10215976BD /* Release */ = {
			isa = XCBuildConfiguration;
			baseConfigurationReference = 6C7E0B73916D9C06EF726231 /* Pods-TikTokCloneApp.release.xcconfig */;
			buildSettings = {
				ASSETCATALOG_COMPILER_APPICON_NAME = AppIcon;
				CODE_SIGN_IDENTITY = "iPhone Developer";
				CURRENT_PROJECT_VERSION = 1;
				FRAMEWORK_SEARCH_PATHS = (
					"$(inherited)",
					"\"${BUILT_PRODUCTS_DIR}\"",
				);
				GENERATE_INFOPLIST_FILE = YES;
				INFOPLIST_FILE = TikTokCloneApp/Info.plist;
				INFOPLIST_KEY_UILaunchStoryboardName = LaunchScreen;
				INFOPLIST_KEY_UISupportedInterfaceOrientations = "UIInterfaceOrientationLandscapeLeft UIInterfaceOrientationLandscapeRight UIInterfaceOrientationPortrait";
				INFOPLIST_KEY_UISupportedInterfaceOrientations_iPad = UIInterfaceOrientationPortrait;
				LD_RUNPATH_SEARCH_PATHS = (
					"$(inherited)",
					"@executable_path/Frameworks",
				);
				MARKETING_VERSION = 1.0;
				PRODUCT_BUNDLE_IDENTIFIER = com.TikTokCloneApp.TikTokCloneApp;
				SDKROOT = iphoneos;
				TARGETED_DEVICE_FAMILY = "1,2";
			};
			name = Release;
		};
		B70C658FCA7AFBDC172EBBCB /* Debug */ = {
			isa = XCBuildConfiguration;
			buildSettings = {
				ALWAYS_SEARCH_USER_PATHS = NO;
				CLANG_ANALYZER_NONNULL = YES;
				CLANG_ANALYZER_NUMBER_OBJECT_CONVERSION = YES_AGGRESSIVE;
				CLANG_CXX_LANGUAGE_STANDARD = "gnu++14";
				CLANG_CXX_LIBRARY = "libc++";
				CLANG_ENABLE_MODULES = YES;
				CLANG_ENABLE_OBJC_ARC = YES;
				CLANG_ENABLE_OBJC_WEAK = YES;
				CLANG_WARN_BLOCK_CAPTURE_AUTORELEASING = YES;
				CLANG_WARN_BOOL_CONVERSION = YES;
				CLANG_WARN_COMMA = YES;
				CLANG_WARN_CONSTANT_CONVERSION = YES;
				CLANG_WARN_DEPRECATED_OBJC_IMPLEMENTATIONS = YES;
				CLANG_WARN_DIRECT_OBJC_ISA_USAGE = YES_ERROR;
				CLANG_WARN_DOCUMENTATION_COMMENTS = YES;
				CLANG_WARN_EMPTY_BODY = YES;
				CLANG_WARN_ENUM_CONVERSION = YES;
				CLANG_WARN_INFINITE_RECURSION = YES;
				CLANG_WARN_INT_CONVERSION = YES;
				CLANG_WARN_NON_LITERAL_NULL_CONVERSION = YES;
				CLANG_WARN_OBJC_IMPLICIT_RETAIN_SELF = YES;
				CLANG_WARN_OBJC_LITERAL_CONVERSION = YES;
				CLANG_WARN_OBJC_ROOT_CLASS = YES_ERROR;
				CLANG_WARN_QUOTED_INCLUDE_IN_FRAMEWORK_HEADER = YES;
				CLANG_WARN_RANGE_LOOP_ANALYSIS = YES;
				CLANG_WARN_STRICT_PROTOTYPES = YES;
				CLANG_WARN_SUSPICIOUS_MOVE = YES;
				CLANG_WARN_UNGUARDED_AVAILABILITY = YES_AGGRESSIVE;
				CLANG_WARN_UNREACHABLE_CODE = YES;
				CLANG_WARN__DUPLICATE_METHOD_MATCH = YES;
				COPY_PHASE_STRIP = NO;
				DEBUG_INFORMATION_FORMAT = dwarf;
				ENABLE_STRICT_OBJC_MSGSEND = YES;
				ENABLE_TESTABILITY = YES;
				GCC_C_LANGUAGE_STANDARD = gnu11;
				GCC_DYNAMIC_NO_PIC = NO;
				GCC_NO_COMMON_BLOCKS = YES;
				GCC_OPTIMIZATION_LEVEL = 0;
				GCC_PREPROCESSOR_DEFINITIONS = (
					"$(inherited)",
					"DEBUG=1",
				);
				GCC_WARN_64_TO_32_BIT_CONVERSION = YES;
				GCC_WARN_ABOUT_RETURN_TYPE = YES_ERROR;
				GCC_WARN_UNDECLARED_SELECTOR = YES;
				GCC_WARN_UNINITIALIZED_AUTOS = YES_AGGRESSIVE;
				GCC_WARN_UNUSED_FUNCTION = YES;
				GCC_WARN_UNUSED_VARIABLE = YES;
				IPHONEOS_DEPLOYMENT_TARGET = 16.0;
				MTL_ENABLE_DEBUG_INFO = INCLUDE_SOURCE;
				MTL_FAST_MATH = YES;
				ONLY_ACTIVE_ARCH = YES;
				PRODUCT_NAME = "$(TARGET_NAME)";
				SDKROOT = iphoneos;
				SWIFT_ACTIVE_COMPILATION_CONDITIONS = DEBUG;
				SWIFT_OPTIMIZATION_LEVEL = "-Onone";
				SWIFT_VERSION = 5.0;
			};
			name = Debug;
		};
/* End XCBuildConfiguration section */

/* Begin XCConfigurationList section */
		23550B325CBD3967E88E8605 /* Build configuration list for PBXProject "TikTokCloneApp" */ = {
			isa = XCConfigurationList;
			buildConfigurations = (
				B70C658FCA7AFBDC172EBBCB /* Debug */,
				1C0607518AD06F3315166852 /* Release */,
			);
			defaultConfigurationIsVisible = 0;
			defaultConfigurationName = Debug;
		};
		620316BCD47C4EBECC2D331A /* Build configuration list for PBXNativeTarget "TikTokCloneApp" */ = {
			isa = XCConfigurationList;
			buildConfigurations = (
				5A830A860381A2E4D190FAD2 /* Debug */,
				8B252788F62B5C10215976BD /* Release */,
			);
			defaultConfigurationIsVisible = 0;
			defaultConfigurationName = Debug;
		};
/* End XCConfigurationList section */
	};
	rootObject = B3BA182ECF4E9A227E3205E9 /* Project object */;
}
