// !$*UTF8*$!
{
	archiveVersion = 1;
	classes = {
	};
	objectVersion = 77;
	objects = {

/* Begin PBXBuildFile section */
		3302E8BF23AD18FA847B9562 /* Pods_DataService.framework in Frameworks */ = {isa = PBXBuildFile; fileRef = C7DFA91DFCBEAD85E8BB5E47 /* Pods_DataService.framework */; };
		3CC8E8EEA696AE59BAD2791C /* Core.framework in Embed Frameworks */ = {isa = PBXBuildFile; fileRef = 44B9CFC5E7245DE16B5A87BC /* Core.framework */; settings = {ATTRIBUTES = (CodeSignOnCopy, RemoveHeadersOnCopy, ); }; };
		4737465921A94965A669F94C /* APIProviders.swift in Sources */ = {isa = PBXBuildFile; fileRef = 5BCDB8C15512C41EF262712D /* APIProviders.swift */; };
		7AA3D00599276B2E004992C5 /* Pods_DataService.framework in Frameworks */ = {isa = PBXBuildFile; fileRef = 02255C324CF6E2AABE01CEBF /* Pods_DataService.framework */; };
		99EC62495ADE1758B059CEB0 /* CreatePostRequest.swift in Sources */ = {isa = PBXBuildFile; fileRef = C6F1A6E6FEA41EE1BCD72792 /* CreatePostRequest.swift */; };
		B38C855F0F18F6A2E24A0906 /* APIService.swift in Sources */ = {isa = PBXBuildFile; fileRef = DB83F5892EE786B63A98F03E /* APIService.swift */; };
		CA963909BD10A3C57221EB8F /* Core.framework in Frameworks */ = {isa = PBXBuildFile; fileRef = 44B9CFC5E7245DE16B5A87BC /* Core.framework */; };
		D9BA4EF23E0C22BE55C05A28 /* DataService.h in Headers */ = {isa = PBXBuildFile; fileRef = 6FFCC0196123B5BF11D04B6E /* DataService.h */; settings = {ATTRIBUTES = (Public, ); }; };
/* End PBXBuildFile section */

/* Begin PBXCopyFilesBuildPhase section */
		9FD2A60EBB7FB551278C0177 /* Embed Frameworks */ = {
			isa = PBXCopyFilesBuildPhase;
			buildActionMask = 2147483647;
			dstPath = "";
			dstSubfolderSpec = 10;
			files = (
				3CC8E8EEA696AE59BAD2791C /* Core.framework in Embed Frameworks */,
			);
			name = "Embed Frameworks";
			runOnlyForDeploymentPostprocessing = 0;
		};
/* End PBXCopyFilesBuildPhase section */

/* Begin PBXFileReference section */
		02255C324CF6E2AABE01CEBF /* Pods_DataService.framework */ = {isa = PBXFileReference; explicitFileType = wrapper.framework; includeInIndex = 0; path = Pods_DataService.framework; sourceTree = BUILT_PRODUCTS_DIR; };
		44B9CFC5E7245DE16B5A87BC /* Core.framework */ = {isa = PBXFileReference; lastKnownFileType = wrapper.framework; name = Core.framework; path = "${BUILT_PRODUCTS_DIR}/Core.framework"; sourceTree = "<group>"; };
		5BCDB8C15512C41EF262712D /* APIProviders.swift */ = {isa = PBXFileReference; lastKnownFileType = sourcecode.swift; path = APIProviders.swift; sourceTree = "<group>"; };
		5D8B06879FF4F6D40D60AF5D /* Pods-DataService.debug.xcconfig */ = {isa = PBXFileReference; includeInIndex = 1; lastKnownFileType = text.xcconfig; name = "Pods-DataService.debug.xcconfig"; path = "Target Support Files/Pods-DataService/Pods-DataService.debug.xcconfig"; sourceTree = "<group>"; };
		6FFCC0196123B5BF11D04B6E /* DataService.h */ = {isa = PBXFileReference; lastKnownFileType = sourcecode.c.h; path = DataService.h; sourceTree = "<group>"; };
		767E36BAFF8DDCF7391C554B /* DataService.framework */ = {isa = PBXFileReference; explicitFileType = wrapper.framework; includeInIndex = 0; path = DataService.framework; sourceTree = BUILT_PRODUCTS_DIR; };
		98DC4FE92A32E397838AA26E /* Pods-DataService.release.xcconfig */ = {isa = PBXFileReference; includeInIndex = 1; lastKnownFileType = text.xcconfig; name = "Pods-DataService.release.xcconfig"; path = "Target Support Files/Pods-DataService/Pods-DataService.release.xcconfig"; sourceTree = "<group>"; };
		C6F1A6E6FEA41EE1BCD72792 /* CreatePostRequest.swift */ = {isa = PBXFileReference; lastKnownFileType = sourcecode.swift; path = CreatePostRequest.swift; sourceTree = "<group>"; };
		C7DFA91DFCBEAD85E8BB5E47 /* Pods_DataService.framework */ = {isa = PBXFileReference; lastKnownFileType = wrapper.framework; name = Pods_DataService.framework; path = "${BUILT_PRODUCTS_DIR}/Pods_DataService.framework"; sourceTree = "<group>"; };
		DB83F5892EE786B63A98F03E /* APIService.swift */ = {isa = PBXFileReference; lastKnownFileType = sourcecode.swift; path = APIService.swift; sourceTree = "<group>"; };
/* End PBXFileReference section */

/* Begin PBXFrameworksBuildPhase section */
		FD44A17C7BFF9830824DBDB2 /* Frameworks */ = {
			isa = PBXFrameworksBuildPhase;
			buildActionMask = 2147483647;
			files = (
				CA963909BD10A3C57221EB8F /* Core.framework in Frameworks */,
				3302E8BF23AD18FA847B9562 /* Pods_DataService.framework in Frameworks */,
				7AA3D00599276B2E004992C5 /* Pods_DataService.framework in Frameworks */,
			);
			runOnlyForDeploymentPostprocessing = 0;
		};
/* End PBXFrameworksBuildPhase section */

/* Begin PBXGroup section */
		0C8B67C256B389D5C576F695 /* Products */ = {
			isa = PBXGroup;
			children = (
				767E36BAFF8DDCF7391C554B /* DataService.framework */,
			);
			name = Products;
			sourceTree = "<group>";
		};
		4AB7493E6B08AB5506F192F6 = {
			isa = PBXGroup;
			children = (
				4D10CD7382EB12D4F5B01299 /* DataService */,
				CD79AA3840F8866481EF29B8 /* Frameworks */,
				0C8B67C256B389D5C576F695 /* Products */,
				D528A118067258DDB87405F3 /* Pods */,
			);
			sourceTree = "<group>";
		};
		4D10CD7382EB12D4F5B01299 /* DataService */ = {
			isa = PBXGroup;
			children = (
				5BCDB8C15512C41EF262712D /* APIProviders.swift */,
				DB83F5892EE786B63A98F03E /* APIService.swift */,
				C6F1A6E6FEA41EE1BCD72792 /* CreatePostRequest.swift */,
				6FFCC0196123B5BF11D04B6E /* DataService.h */,
			);
			path = DataService;
			sourceTree = "<group>";
		};
		CD79AA3840F8866481EF29B8 /* Frameworks */ = {
			isa = PBXGroup;
			children = (
				44B9CFC5E7245DE16B5A87BC /* Core.framework */,
				C7DFA91DFCBEAD85E8BB5E47 /* Pods_DataService.framework */,
				02255C324CF6E2AABE01CEBF /* Pods_DataService.framework */,
			);
			name = Frameworks;
			sourceTree = "<group>";
		};
		D528A118067258DDB87405F3 /* Pods */ = {
			isa = PBXGroup;
			children = (
				5D8B06879FF4F6D40D60AF5D /* Pods-DataService.debug.xcconfig */,
				98DC4FE92A32E397838AA26E /* Pods-DataService.release.xcconfig */,
			);
			name = Pods;
			path = ../Pods;
			sourceTree = "<group>";
		};
/* End PBXGroup section */

/* Begin PBXHeadersBuildPhase section */
		542F14F63DA0FE92392D186F /* Headers */ = {
			isa = PBXHeadersBuildPhase;
			buildActionMask = 2147483647;
			files = (
				D9BA4EF23E0C22BE55C05A28 /* DataService.h in Headers */,
			);
			runOnlyForDeploymentPostprocessing = 0;
		};
/* End PBXHeadersBuildPhase section */

/* Begin PBXNativeTarget section */
		8C54A7E9C8EBEC61E965287F /* DataService */ = {
			isa = PBXNativeTarget;
			buildConfigurationList = 6DC2D316441D7F6F7186A08E /* Build configuration list for PBXNativeTarget "DataService" */;
			buildPhases = (
				F9ACB9986F813D36090EC1A5 /* [CP] Check Pods Manifest.lock */,
				542F14F63DA0FE92392D186F /* Headers */,
				1317930E205A26A3FCDE1FA3 /* Sources */,
				FD44A17C7BFF9830824DBDB2 /* Frameworks */,
				9FD2A60EBB7FB551278C0177 /* Embed Frameworks */,
			);
			buildRules = (
			);
			dependencies = (
			);
			name = DataService;
			productName = DataService;
			productReference = 767E36BAFF8DDCF7391C554B /* DataService.framework */;
			productType = "com.apple.product-type.framework";
		};
/* End PBXNativeTarget section */

/* Begin PBXProject section */
		4AC00B0F35CD7E3F7C89D189 /* Project object */ = {
			isa = PBXProject;
			attributes = {
				BuildIndependentTargetsInParallel = YES;
				LastUpgradeCheck = 1430;
			};
			buildConfigurationList = 7751B820327F28085A97281D /* Build configuration list for PBXProject "DataService" */;
			compatibilityVersion = "Xcode 14.0";
			developmentRegion = en;
			hasScannedForEncodings = 0;
			knownRegions = (
				Base,
				en,
			);
			mainGroup = 4AB7493E6B08AB5506F192F6;
			minimizedProjectReferenceProxies = 1;
			preferredProjectObjectVersion = 77;
			productRefGroup = 0C8B67C256B389D5C576F695 /* Products */;
			projectDirPath = "";
			projectRoot = "";
			targets = (
				8C54A7E9C8EBEC61E965287F /* DataService */,
			);
		};
/* End PBXProject section */

/* Begin PBXShellScriptBuildPhase section */
		F9ACB9986F813D36090EC1A5 /* [CP] Check Pods Manifest.lock */ = {
			isa = PBXShellScriptBuildPhase;
			buildActionMask = 2147483647;
			files = (
			);
			inputFileListPaths = (
			);
			inputPaths = (
				"${PODS_PODFILE_DIR_PATH}/Podfile.lock",
				"${PODS_ROOT}/Manifest.lock",
			);
			name = "[CP] Check Pods Manifest.lock";
			outputFileListPaths = (
			);
			outputPaths = (
				"$(DERIVED_FILE_DIR)/Pods-DataService-checkManifestLockResult.txt",
			);
			runOnlyForDeploymentPostprocessing = 0;
			shellPath = /bin/sh;
			shellScript = "diff \"${PODS_PODFILE_DIR_PATH}/Podfile.lock\" \"${PODS_ROOT}/Manifest.lock\" > /dev/null\nif [ $? != 0 ] ; then\n    # print error to STDERR\n    echo \"error: The sandbox is not in sync with the Podfile.lock. Run 'pod install' or update your CocoaPods installation.\" >&2\n    exit 1\nfi\n# This output is used by Xcode 'outputs' to avoid re-running this script phase.\necho \"SUCCESS\" > \"${SCRIPT_OUTPUT_FILE_0}\"\n";
			showEnvVarsInLog = 0;
		};
/* End PBXShellScriptBuildPhase section */

/* Begin PBXSourcesBuildPhase section */
		1317930E205A26A3FCDE1FA3 /* Sources */ = {
			isa = PBXSourcesBuildPhase;
			buildActionMask = 2147483647;
			files = (
				4737465921A94965A669F94C /* APIProviders.swift in Sources */,
				B38C855F0F18F6A2E24A0906 /* APIService.swift in Sources */,
				99EC62495ADE1758B059CEB0 /* CreatePostRequest.swift in Sources */,
			);
			runOnlyForDeploymentPostprocessing = 0;
		};
/* End PBXSourcesBuildPhase section */

/* Begin XCBuildConfiguration section */
		0E1B164ADBF8E3986474D9C3 /* Release */ = {
			isa = XCBuildConfiguration;
			baseConfigurationReference = 98DC4FE92A32E397838AA26E /* Pods-DataService.release.xcconfig */;
			buildSettings = {
				CODE_SIGN_IDENTITY = "";
				CURRENT_PROJECT_VERSION = 1;
				DEFINES_MODULE = YES;
				DYLIB_COMPATIBILITY_VERSION = 1;
				DYLIB_CURRENT_VERSION = 1;
				DYLIB_INSTALL_NAME_BASE = "@rpath";
				FRAMEWORK_SEARCH_PATHS = (
					"$(inherited)",
					"\"${BUILT_PRODUCTS_DIR}\"",
				);
				GENERATE_INFOPLIST_FILE = YES;
				INSTALL_PATH = "$(LOCAL_LIBRARY_DIR)/Frameworks";
				LD_RUNPATH_SEARCH_PATHS = (
					"$(inherited)",
					"@executable_path/Frameworks",
				);
				PRODUCT_BUNDLE_IDENTIFIER = Aam.TikTokCloneApp.DataService;
				SDKROOT = iphoneos;
				SKIP_INSTALL = YES;
				TARGETED_DEVICE_FAMILY = "1,2";
				VERSIONING_SYSTEM = "apple-generic";
			};
			name = Release;
		};
		88723025EBC5BAB9E89D15D0 /* Debug */ = {
			isa = XCBuildConfiguration;
			buildSettings = {
				ALWAYS_SEARCH_USER_PATHS = NO;
				CLANG_ANALYZER_NONNULL = YES;
				CLANG_ANALYZER_NUMBER_OBJECT_CONVERSION = YES_AGGRESSIVE;
				CLANG_CXX_LANGUAGE_STANDARD = "gnu++14";
				CLANG_CXX_LIBRARY = "libc++";
				CLANG_ENABLE_MODULES = YES;
				CLANG_ENABLE_OBJC_ARC = YES;
				CLANG_ENABLE_OBJC_WEAK = YES;
				CLANG_WARN_BLOCK_CAPTURE_AUTORELEASING = YES;
				CLANG_WARN_BOOL_CONVERSION = YES;
				CLANG_WARN_COMMA = YES;
				CLANG_WARN_CONSTANT_CONVERSION = YES;
				CLANG_WARN_DEPRECATED_OBJC_IMPLEMENTATIONS = YES;
				CLANG_WARN_DIRECT_OBJC_ISA_USAGE = YES_ERROR;
				CLANG_WARN_DOCUMENTATION_COMMENTS = YES;
				CLANG_WARN_EMPTY_BODY = YES;
				CLANG_WARN_ENUM_CONVERSION = YES;
				CLANG_WARN_INFINITE_RECURSION = YES;
				CLANG_WARN_INT_CONVERSION = YES;
				CLANG_WARN_NON_LITERAL_NULL_CONVERSION = YES;
				CLANG_WARN_OBJC_IMPLICIT_RETAIN_SELF = YES;
				CLANG_WARN_OBJC_LITERAL_CONVERSION = YES;
				CLANG_WARN_OBJC_ROOT_CLASS = YES_ERROR;
				CLANG_WARN_QUOTED_INCLUDE_IN_FRAMEWORK_HEADER = YES;
				CLANG_WARN_RANGE_LOOP_ANALYSIS = YES;
				CLANG_WARN_STRICT_PROTOTYPES = YES;
				CLANG_WARN_SUSPICIOUS_MOVE = YES;
				CLANG_WARN_UNGUARDED_AVAILABILITY = YES_AGGRESSIVE;
				CLANG_WARN_UNREACHABLE_CODE = YES;
				CLANG_WARN__DUPLICATE_METHOD_MATCH = YES;
				COPY_PHASE_STRIP = NO;
				DEBUG_INFORMATION_FORMAT = dwarf;
				ENABLE_STRICT_OBJC_MSGSEND = YES;
				ENABLE_TESTABILITY = YES;
				GCC_C_LANGUAGE_STANDARD = gnu11;
				GCC_DYNAMIC_NO_PIC = NO;
				GCC_NO_COMMON_BLOCKS = YES;
				GCC_OPTIMIZATION_LEVEL = 0;
				GCC_PREPROCESSOR_DEFINITIONS = (
					"$(inherited)",
					"DEBUG=1",
				);
				GCC_WARN_64_TO_32_BIT_CONVERSION = YES;
				GCC_WARN_ABOUT_RETURN_TYPE = YES_ERROR;
				GCC_WARN_UNDECLARED_SELECTOR = YES;
				GCC_WARN_UNINITIALIZED_AUTOS = YES_AGGRESSIVE;
				GCC_WARN_UNUSED_FUNCTION = YES;
				GCC_WARN_UNUSED_VARIABLE = YES;
				IPHONEOS_DEPLOYMENT_TARGET = 16.0;
				MTL_ENABLE_DEBUG_INFO = INCLUDE_SOURCE;
				MTL_FAST_MATH = YES;
				ONLY_ACTIVE_ARCH = YES;
				PRODUCT_NAME = "$(TARGET_NAME)";
				SDKROOT = iphoneos;
				SWIFT_ACTIVE_COMPILATION_CONDITIONS = DEBUG;
				SWIFT_OPTIMIZATION_LEVEL = "-Onone";
				SWIFT_VERSION = 5.0;
			};
			name = Debug;
		};
		D60F7E3E7C512BF7636F69E9 /* Debug */ = {
			isa = XCBuildConfiguration;
			baseConfigurationReference = 5D8B06879FF4F6D40D60AF5D /* Pods-DataService.debug.xcconfig */;
			buildSettings = {
				CODE_SIGN_IDENTITY = "";
				CURRENT_PROJECT_VERSION = 1;
				DEFINES_MODULE = YES;
				DYLIB_COMPATIBILITY_VERSION = 1;
				DYLIB_CURRENT_VERSION = 1;
				DYLIB_INSTALL_NAME_BASE = "@rpath";
				FRAMEWORK_SEARCH_PATHS = (
					"$(inherited)",
					"\"${BUILT_PRODUCTS_DIR}\"",
				);
				GENERATE_INFOPLIST_FILE = YES;
				INSTALL_PATH = "$(LOCAL_LIBRARY_DIR)/Frameworks";
				LD_RUNPATH_SEARCH_PATHS = (
					"$(inherited)",
					"@executable_path/Frameworks",
				);
				PRODUCT_BUNDLE_IDENTIFIER = Aam.TikTokCloneApp.DataService;
				SDKROOT = iphoneos;
				SKIP_INSTALL = YES;
				TARGETED_DEVICE_FAMILY = "1,2";
				VERSIONING_SYSTEM = "apple-generic";
			};
			name = Debug;
		};
		E155C4F552A629F2D49606D6 /* Release */ = {
			isa = XCBuildConfiguration;
			buildSettings = {
				ALWAYS_SEARCH_USER_PATHS = NO;
				CLANG_ANALYZER_NONNULL = YES;
				CLANG_ANALYZER_NUMBER_OBJECT_CONVERSION = YES_AGGRESSIVE;
				CLANG_CXX_LANGUAGE_STANDARD = "gnu++14";
				CLANG_CXX_LIBRARY = "libc++";
				CLANG_ENABLE_MODULES = YES;
				CLANG_ENABLE_OBJC_ARC = YES;
				CLANG_ENABLE_OBJC_WEAK = YES;
				CLANG_WARN_BLOCK_CAPTURE_AUTORELEASING = YES;
				CLANG_WARN_BOOL_CONVERSION = YES;
				CLANG_WARN_COMMA = YES;
				CLANG_WARN_CONSTANT_CONVERSION = YES;
				CLANG_WARN_DEPRECATED_OBJC_IMPLEMENTATIONS = YES;
				CLANG_WARN_DIRECT_OBJC_ISA_USAGE = YES_ERROR;
				CLANG_WARN_DOCUMENTATION_COMMENTS = YES;
				CLANG_WARN_EMPTY_BODY = YES;
				CLANG_WARN_ENUM_CONVERSION = YES;
				CLANG_WARN_INFINITE_RECURSION = YES;
				CLANG_WARN_INT_CONVERSION = YES;
				CLANG_WARN_NON_LITERAL_NULL_CONVERSION = YES;
				CLANG_WARN_OBJC_IMPLICIT_RETAIN_SELF = YES;
				CLANG_WARN_OBJC_LITERAL_CONVERSION = YES;
				CLANG_WARN_OBJC_ROOT_CLASS = YES_ERROR;
				CLANG_WARN_QUOTED_INCLUDE_IN_FRAMEWORK_HEADER = YES;
				CLANG_WARN_RANGE_LOOP_ANALYSIS = YES;
				CLANG_WARN_STRICT_PROTOTYPES = YES;
				CLANG_WARN_SUSPICIOUS_MOVE = YES;
				CLANG_WARN_UNGUARDED_AVAILABILITY = YES_AGGRESSIVE;
				CLANG_WARN_UNREACHABLE_CODE = YES;
				CLANG_WARN__DUPLICATE_METHOD_MATCH = YES;
				COPY_PHASE_STRIP = NO;
				DEBUG_INFORMATION_FORMAT = "dwarf-with-dsym";
				ENABLE_NS_ASSERTIONS = NO;
				ENABLE_STRICT_OBJC_MSGSEND = YES;
				GCC_C_LANGUAGE_STANDARD = gnu11;
				GCC_NO_COMMON_BLOCKS = YES;
				GCC_WARN_64_TO_32_BIT_CONVERSION = YES;
				GCC_WARN_ABOUT_RETURN_TYPE = YES_ERROR;
				GCC_WARN_UNDECLARED_SELECTOR = YES;
				GCC_WARN_UNINITIALIZED_AUTOS = YES_AGGRESSIVE;
				GCC_WARN_UNUSED_FUNCTION = YES;
				GCC_WARN_UNUSED_VARIABLE = YES;
				IPHONEOS_DEPLOYMENT_TARGET = 16.0;
				MTL_ENABLE_DEBUG_INFO = NO;
				MTL_FAST_MATH = YES;
				PRODUCT_NAME = "$(TARGET_NAME)";
				SDKROOT = iphoneos;
				SWIFT_COMPILATION_MODE = wholemodule;
				SWIFT_OPTIMIZATION_LEVEL = "-O";
				SWIFT_VERSION = 5.0;
			};
			name = Release;
		};
/* End XCBuildConfiguration section */

/* Begin XCConfigurationList section */
		6DC2D316441D7F6F7186A08E /* Build configuration list for PBXNativeTarget "DataService" */ = {
			isa = XCConfigurationList;
			buildConfigurations = (
				D60F7E3E7C512BF7636F69E9 /* Debug */,
				0E1B164ADBF8E3986474D9C3 /* Release */,
			);
			defaultConfigurationIsVisible = 0;
			defaultConfigurationName = Debug;
		};
		7751B820327F28085A97281D /* Build configuration list for PBXProject "DataService" */ = {
			isa = XCConfigurationList;
			buildConfigurations = (
				88723025EBC5BAB9E89D15D0 /* Debug */,
				E155C4F552A629F2D49606D6 /* Release */,
			);
			defaultConfigurationIsVisible = 0;
			defaultConfigurationName = Debug;
		};
/* End XCConfigurationList section */
	};
	rootObject = 4AC00B0F35CD7E3F7C89D189 /* Project object */;
}
